<?xml version="1.0" encoding="utf-8"?>
<Project ToolsVersion="4.0" xmlns="http://schemas.microsoft.com/developer/msbuild/2003">
  <ItemGroup>
    <Filter Include="Source Files">
      <UniqueIdentifier>{4FC737F1-C7A5-4376-A066-2A32D752A2FF}</UniqueIdentifier>
      <Extensions>cpp;c;cc;cxx;def;odl;idl;hpj;bat;asm;asmx</Extensions>
    </Filter>
    <Filter Include="Header Files">
      <UniqueIdentifier>{93995380-89BD-4b04-88EB-625FBE52EBFB}</UniqueIdentifier>
      <Extensions>h;hpp;hxx;hm;inl;inc;xsd</Extensions>
    </Filter>
    <Filter Include="Resource Files">
      <UniqueIdentifier>{67DA6AB6-F800-4c08-8B7A-83BB121AAD01}</UniqueIdentifier>
      <Extensions>rc;ico;cur;bmp;dlg;rc2;rct;bin;rgs;gif;jpg;jpeg;jpe;resx;tiff;tif;png;wav</Extensions>
    </Filter>
    <Filter Include="Source Files\win32">
      <UniqueIdentifier>{ed3143d9-b893-48a3-8615-fe090c1cbf25}</UniqueIdentifier>
    </Filter>
  </ItemGroup>
  <ItemGroup>
    <ClCompile Include="..\src\blob.c">
      <Filter>Source Files</Filter>
    </ClCompile>
    <ClCompile Include="..\src\block-sha1\sha1.c">
      <Filter>Source Files</Filter>
    </ClCompile>
    <ClCompile Include="..\src\commit.c">
      <Filter>Source Files</Filter>
    </ClCompile>
    <ClCompile Include="..\src\delta-apply.c">
      <Filter>Source Files</Filter>
    </ClCompile>
    <ClCompile Include="..\src\errors.c">
      <Filter>Source Files</Filter>
    </ClCompile>
    <ClCompile Include="..\src\filelock.c">
      <Filter>Source Files</Filter>
    </ClCompile>
    <ClCompile Include="..\src\fileops.c">
      <Filter>Source Files</Filter>
    </ClCompile>
    <ClCompile Include="..\src\hash.c">
      <Filter>Source Files</Filter>
    </ClCompile>
    <ClCompile Include="..\src\hashtable.c">
      <Filter>Source Files</Filter>
    </ClCompile>
    <ClCompile Include="..\src\index.c">
      <Filter>Source Files</Filter>
    </ClCompile>
    <ClCompile Include="..\src\odb.c">
      <Filter>Source Files</Filter>
    </ClCompile>
    <ClCompile Include="..\src\oid.c">
      <Filter>Source Files</Filter>
    </ClCompile>
    <ClCompile Include="..\src\person.c">
      <Filter>Source Files</Filter>
    </ClCompile>
    <ClCompile Include="..\src\repository.c">
      <Filter>Source Files</Filter>
    </ClCompile>
    <ClCompile Include="..\src\revwalk.c">
      <Filter>Source Files</Filter>
    </ClCompile>
    <ClCompile Include="..\src\tag.c">
      <Filter>Source Files</Filter>
    </ClCompile>
    <ClCompile Include="..\src\thread-utils.c">
      <Filter>Source Files</Filter>
    </ClCompile>
    <ClCompile Include="..\src\tree.c">
      <Filter>Source Files</Filter>
    </ClCompile>
    <ClCompile Include="..\src\util.c">
      <Filter>Source Files</Filter>
    </ClCompile>
    <ClCompile Include="..\src\vector.c">
      <Filter>Source Files</Filter>
    </ClCompile>
    <ClCompile Include="..\src\win32\dir.c">
      <Filter>Source Files</Filter>
    </ClCompile>
    <ClCompile Include="..\src\win32\fileops.c">
      <Filter>Source Files</Filter>
    </ClCompile>
    <ClCompile Include="..\src\win32\map.c">
      <Filter>Source Files</Filter>
    </ClCompile>
  </ItemGroup>
  <ItemGroup>
    <ClInclude Include="..\src\blob.h">
      <Filter>Header Files</Filter>
    </ClInclude>
    <ClInclude Include="..\src\block-sha1\sha1.h">
      <Filter>Header Files</Filter>
    </ClInclude>
    <ClInclude Include="..\src\bswap.h">
      <Filter>Header Files</Filter>
    </ClInclude>
    <ClInclude Include="..\src\cc-compat.h">
      <Filter>Header Files</Filter>
    </ClInclude>
    <ClInclude Include="..\src\commit.h">
      <Filter>Header Files</Filter>
    </ClInclude>
    <ClInclude Include="..\src\common.h">
      <Filter>Header Files</Filter>
    </ClInclude>
    <ClInclude Include="..\src\delta-apply.h">
      <Filter>Header Files</Filter>
    </ClInclude>
    <ClInclude Include="..\src\dir.h">
      <Filter>Header Files</Filter>
    </ClInclude>
    <ClInclude Include="..\src\errors.h">
      <Filter>Header Files</Filter>
    </ClInclude>
    <ClInclude Include="..\src\filelock.h">
      <Filter>Header Files</Filter>
    </ClInclude>
    <ClInclude Include="..\src\fileops.h">
      <Filter>Header Files</Filter>
    </ClInclude>
    <ClInclude Include="..\src\hash.h">
      <Filter>Header Files</Filter>
    </ClInclude>
    <ClInclude Include="..\src\hashtable.h">
      <Filter>Header Files</Filter>
    </ClInclude>
    <ClInclude Include="..\src\index.h">
      <Filter>Header Files</Filter>
    </ClInclude>
    <ClInclude Include="..\src\map.h">
      <Filter>Header Files</Filter>
    </ClInclude>
    <ClInclude Include="..\src\mingw-compat.h">
      <Filter>Header Files</Filter>
    </ClInclude>
    <ClInclude Include="..\src\msvc-compat.h">
      <Filter>Header Files</Filter>
    </ClInclude>
    <ClInclude Include="..\src\odb.h">
      <Filter>Header Files</Filter>
    </ClInclude>
    <ClInclude Include="..\src\person.h">
      <Filter>Header Files</Filter>
    </ClInclude>
    <ClInclude Include="..\src\repository.h">
      <Filter>Header Files</Filter>
    </ClInclude>
    <ClInclude Include="..\src\revwalk.h">
      <Filter>Header Files</Filter>
    </ClInclude>
    <ClInclude Include="..\src\tag.h">
      <Filter>Header Files</Filter>
    </ClInclude>
    <ClInclude Include="..\src\thread-utils.h">
      <Filter>Header Files</Filter>
    </ClInclude>
    <ClInclude Include="..\src\tree.h">
      <Filter>Header Files</Filter>
    </ClInclude>
    <ClInclude Include="..\src\util.h">
      <Filter>Header Files</Filter>
    </ClInclude>
  </ItemGroup>
</Project>